// !$*UTF8*$!
{
	archiveVersion = 1;
	classes = {
	};
	objectVersion = 50;
	objects = {

/* Begin PBXBuildFile section */
		6F035674241DAF1500A71F9A /* InfoViewController.swift in Sources */ = {isa = PBXBuildFile; fileRef = 6F035673241DAF1500A71F9A /* InfoViewController.swift */; };
		6F0D3131240F245000F5E005 /* AppDelegate.swift in Sources */ = {isa = PBXBuildFile; fileRef = 6F0D3130240F245000F5E005 /* AppDelegate.swift */; };
		6F0D3133240F245000F5E005 /* SceneDelegate.swift in Sources */ = {isa = PBXBuildFile; fileRef = 6F0D3132240F245000F5E005 /* SceneDelegate.swift */; };
		6F0D3135240F245000F5E005 /* LogViewController.swift in Sources */ = {isa = PBXBuildFile; fileRef = 6F0D3134240F245000F5E005 /* LogViewController.swift */; };
		6F0D3138240F245000F5E005 /* Main.storyboard in Resources */ = {isa = PBXBuildFile; fileRef = 6F0D3136240F245000F5E005 /* Main.storyboard */; };
		6F0D313A240F245100F5E005 /* Assets.xcassets in Resources */ = {isa = PBXBuildFile; fileRef = 6F0D3139240F245100F5E005 /* Assets.xcassets */; };
		6F0D313D240F245100F5E005 /* LaunchScreen.storyboard in Resources */ = {isa = PBXBuildFile; fileRef = 6F0D313B240F245100F5E005 /* LaunchScreen.storyboard */; };
		6F87A617241C9357008B9041 /* Logitem.swift in Sources */ = {isa = PBXBuildFile; fileRef = 6F87A616241C9357008B9041 /* Logitem.swift */; };
		6F87A619241C953C008B9041 /* Logbank.swift in Sources */ = {isa = PBXBuildFile; fileRef = 6F87A618241C953C008B9041 /* Logbank.swift */; };
		6F87A61B241C9989008B9041 /* CustomTableViewCell.swift in Sources */ = {isa = PBXBuildFile; fileRef = 6F87A61A241C9989008B9041 /* CustomTableViewCell.swift */; };
		6FDEF77D241B24B400DB53CD /* AddViewController.swift in Sources */ = {isa = PBXBuildFile; fileRef = 6FDEF77C241B24B400DB53CD /* AddViewController.swift */; };
		6FDEF77F241B24C900DB53CD /* SettingViewController.swift in Sources */ = {isa = PBXBuildFile; fileRef = 6FDEF77E241B24C900DB53CD /* SettingViewController.swift */; };
/* End PBXBuildFile section */

/* Begin PBXFileReference section */
		6F035673241DAF1500A71F9A /* InfoViewController.swift */ = {isa = PBXFileReference; lastKnownFileType = sourcecode.swift; name = InfoViewController.swift; path = DailyLog/Controller/InfoViewController.swift; sourceTree = SOURCE_ROOT; };
		6F0D312D240F245000F5E005 /* DailyLog.app */ = {isa = PBXFileReference; explicitFileType = wrapper.application; includeInIndex = 0; path = DailyLog.app; sourceTree = BUILT_PRODUCTS_DIR; };
		6F0D3130240F245000F5E005 /* AppDelegate.swift */ = {isa = PBXFileReference; lastKnownFileType = sourcecode.swift; path = AppDelegate.swift; sourceTree = "<group>"; };
		6F0D3132240F245000F5E005 /* SceneDelegate.swift */ = {isa = PBXFileReference; lastKnownFileType = sourcecode.swift; path = SceneDelegate.swift; sourceTree = "<group>"; };
		6F0D3134240F245000F5E005 /* LogViewController.swift */ = {isa = PBXFileReference; lastKnownFileType = sourcecode.swift; path = LogViewController.swift; sourceTree = "<group>"; };
		6F0D3137240F245000F5E005 /* Base */ = {isa = PBXFileReference; lastKnownFileType = file.storyboard; name = Base; path = Base.lproj/Main.storyboard; sourceTree = "<group>"; };
		6F0D3139240F245100F5E005 /* Assets.xcassets */ = {isa = PBXFileReference; lastKnownFileType = folder.assetcatalog; path = Assets.xcassets; sourceTree = "<group>"; };
		6F0D313C240F245100F5E005 /* Base */ = {isa = PBXFileReference; lastKnownFileType = file.storyboard; name = Base; path = Base.lproj/LaunchScreen.storyboard; sourceTree = "<group>"; };
		6F0D313E240F245100F5E005 /* Info.plist */ = {isa = PBXFileReference; lastKnownFileType = text.plist.xml; path = Info.plist; sourceTree = "<group>"; };
		6F87A616241C9357008B9041 /* Logitem.swift */ = {isa = PBXFileReference; lastKnownFileType = sourcecode.swift; name = Logitem.swift; path = DailyLog/Model/Logitem.swift; sourceTree = SOURCE_ROOT; };
		6F87A618241C953C008B9041 /* Logbank.swift */ = {isa = PBXFileReference; lastKnownFileType = sourcecode.swift; path = Logbank.swift; sourceTree = "<group>"; };
		6F87A61A241C9989008B9041 /* CustomTableViewCell.swift */ = {isa = PBXFileReference; lastKnownFileType = sourcecode.swift; name = CustomTableViewCell.swift; path = DailyLog/Model/CustomTableViewCell.swift; sourceTree = SOURCE_ROOT; };
		6FDEF77C241B24B400DB53CD /* AddViewController.swift */ = {isa = PBXFileReference; lastKnownFileType = sourcecode.swift; path = AddViewController.swift; sourceTree = "<group>"; };
		6FDEF77E241B24C900DB53CD /* SettingViewController.swift */ = {isa = PBXFileReference; lastKnownFileType = sourcecode.swift; path = SettingViewController.swift; sourceTree = "<group>"; };
/* End PBXFileReference section */

/* Begin PBXFrameworksBuildPhase section */
		6F0D312A240F245000F5E005 /* Frameworks */ = {
			isa = PBXFrameworksBuildPhase;
			buildActionMask = 2147483647;
			files = (
			);
			runOnlyForDeploymentPostprocessing = 0;
		};
/* End PBXFrameworksBuildPhase section */

/* Begin PBXGroup section */
		6F0D3124240F245000F5E005 = {
			isa = PBXGroup;
			children = (
				6F0D312F240F245000F5E005 /* DailyLog */,
				6F0D312E240F245000F5E005 /* Products */,
			);
			sourceTree = "<group>";
		};
		6F0D312E240F245000F5E005 /* Products */ = {
			isa = PBXGroup;
			children = (
				6F0D312D240F245000F5E005 /* DailyLog.app */,
			);
			name = Products;
			sourceTree = "<group>";
		};
		6F0D312F240F245000F5E005 /* DailyLog */ = {
			isa = PBXGroup;
			children = (
				6F0D3130240F245000F5E005 /* AppDelegate.swift */,
				6F0D3132240F245000F5E005 /* SceneDelegate.swift */,
				6FDEF782241B252200DB53CD /* Model */,
				6FDEF780241B24F700DB53CD /* Controller */,
				6FDEF781241B250B00DB53CD /* View */,
				6F0D3139240F245100F5E005 /* Assets.xcassets */,
				6F0D313B240F245100F5E005 /* LaunchScreen.storyboard */,
				6F0D313E240F245100F5E005 /* Info.plist */,
			);
			path = DailyLog;
			sourceTree = "<group>";
		};
		6FDEF780241B24F700DB53CD /* Controller */ = {
			isa = PBXGroup;
			children = (
				6F0D3134240F245000F5E005 /* LogViewController.swift */,
				6FDEF77E241B24C900DB53CD /* SettingViewController.swift */,
				6FDEF77C241B24B400DB53CD /* AddViewController.swift */,
				6F035673241DAF1500A71F9A /* InfoViewController.swift */,
			);
			path = Controller;
			sourceTree = "<group>";
		};
		6FDEF781241B250B00DB53CD /* View */ = {
			isa = PBXGroup;
			children = (
				6F0D3136240F245000F5E005 /* Main.storyboard */,
			);
			path = View;
			sourceTree = "<group>";
		};
		6FDEF782241B252200DB53CD /* Model */ = {
			isa = PBXGroup;
			children = (
				6F87A61A241C9989008B9041 /* CustomTableViewCell.swift */,
				6F87A616241C9357008B9041 /* Logitem.swift */,
				6F87A618241C953C008B9041 /* Logbank.swift */,
			);
			path = Model;
			sourceTree = "<group>";
		};
/* End PBXGroup section */

/* Begin PBXNativeTarget section */
		6F0D312C240F245000F5E005 /* DailyLog */ = {
			isa = PBXNativeTarget;
			buildConfigurationList = 6F0D3141240F245100F5E005 /* Build configuration list for PBXNativeTarget "DailyLog" */;
			buildPhases = (
				6F0D3129240F245000F5E005 /* Sources */,
				6F0D312A240F245000F5E005 /* Frameworks */,
				6F0D312B240F245000F5E005 /* Resources */,
			);
			buildRules = (
			);
			dependencies = (
			);
			name = DailyLog;
			productName = DailyLog;
			productReference = 6F0D312D240F245000F5E005 /* DailyLog.app */;
			productType = "com.apple.product-type.application";
		};
/* End PBXNativeTarget section */

/* Begin PBXProject section */
		6F0D3125240F245000F5E005 /* Project object */ = {
			isa = PBXProject;
			attributes = {
				LastSwiftUpdateCheck = 1130;
				LastUpgradeCheck = 1130;
				ORGANIZATIONNAME = "Harsha Puvvada";
				TargetAttributes = {
					6F0D312C240F245000F5E005 = {
						CreatedOnToolsVersion = 11.3.1;
					};
				};
			};
			buildConfigurationList = 6F0D3128240F245000F5E005 /* Build configuration list for PBXProject "DailyLog" */;
			compatibilityVersion = "Xcode 9.3";
			developmentRegion = en;
			hasScannedForEncodings = 0;
			knownRegions = (
				en,
				Base,
			);
			mainGroup = 6F0D3124240F245000F5E005;
			productRefGroup = 6F0D312E240F245000F5E005 /* Products */;
			projectDirPath = "";
			projectRoot = "";
			targets = (
				6F0D312C240F245000F5E005 /* DailyLog */,
			);
		};
/* End PBXProject section */

/* Begin PBXResourcesBuildPhase section */
		6F0D312B240F245000F5E005 /* Resources */ = {
			isa = PBXResourcesBuildPhase;
			buildActionMask = 2147483647;
			files = (
				6F0D313D240F245100F5E005 /* LaunchScreen.storyboard in Resources */,
				6F0D313A240F245100F5E005 /* Assets.xcassets in Resources */,
				6F0D3138240F245000F5E005 /* Main.storyboard in Resources */,
			);
			runOnlyForDeploymentPostprocessing = 0;
		};
/* End PBXResourcesBuildPhase section */

/* Begin PBXSourcesBuildPhase section */
		6F0D3129240F245000F5E005 /* Sources */ = {
			isa = PBXSourcesBuildPhase;
			buildActionMask = 2147483647;
			files = (
				6FDEF77F241B24C900DB53CD /* SettingViewController.swift in Sources */,
				6F0D3135240F245000F5E005 /* LogViewController.swift in Sources */,
				6F87A61B241C9989008B9041 /* CustomTableViewCell.swift in Sources */,
				6F0D3131240F245000F5E005 /* AppDelegate.swift in Sources */,
				6F035674241DAF1500A71F9A /* InfoViewController.swift in Sources */,
				6FDEF77D241B24B400DB53CD /* AddViewController.swift in Sources */,
				6F87A619241C953C008B9041 /* Logbank.swift in Sources */,
				6F0D3133240F245000F5E005 /* SceneDelegate.swift in Sources */,
				6F87A617241C9357008B9041 /* Logitem.swift in Sources */,
			);
			runOnlyForDeploymentPostprocessing = 0;
		};
/* End PBXSourcesBuildPhase section */

/* Begin PBXVariantGroup section */
		6F0D3136240F245000F5E005 /* Main.storyboard */ = {
			isa = PBXVariantGroup;
			children = (
				6F0D3137240F245000F5E005 /* Base */,
			);
			name = Main.storyboard;
			sourceTree = "<group>";
		};
		6F0D313B240F245100F5E005 /* LaunchScreen.storyboard */ = {
			isa = PBXVariantGroup;
			children = (
				6F0D313C240F245100F5E005 /* Base */,
			);
			name = LaunchScreen.storyboard;
			sourceTree = "<group>";
		};
/* End PBXVariantGroup section */

/* Begin XCBuildConfiguration section */
		6F0D313F240F245100F5E005 /* Debug */ = {
			isa = XCBuildConfiguration;
			buildSettings = {
				ALWAYS_SEARCH_USER_PATHS = NO;
				CLANG_ANALYZER_NONNULL = YES;
				CLANG_ANALYZER_NUMBER_OBJECT_CONVERSION = YES_AGGRESSIVE;
				CLANG_CXX_LANGUAGE_STANDARD = "gnu++14";
				CLANG_CXX_LIBRARY = "libc++";
				CLANG_ENABLE_MODULES = YES;
				CLANG_ENABLE_OBJC_ARC = YES;
				CLANG_ENABLE_OBJC_WEAK = YES;
				CLANG_WARN_BLOCK_CAPTURE_AUTORELEASING = YES;
				CLANG_WARN_BOOL_CONVERSION = YES;
				CLANG_WARN_COMMA = YES;
				CLANG_WARN_CONSTANT_CONVERSION = YES;
				CLANG_WARN_DEPRECATED_OBJC_IMPLEMENTATIONS = YES;
				CLANG_WARN_DIRECT_OBJC_ISA_USAGE = YES_ERROR;
				CLANG_WARN_DOCUMENTATION_COMMENTS = YES;
				CLANG_WARN_EMPTY_BODY = YES;
				CLANG_WARN_ENUM_CONVERSION = YES;
				CLANG_WARN_INFINITE_RECURSION = YES;
				CLANG_WARN_INT_CONVERSION = YES;
				CLANG_WARN_NON_LITERAL_NULL_CONVERSION = YES;
				CLANG_WARN_OBJC_IMPLICIT_RETAIN_SELF = YES;
				CLANG_WARN_OBJC_LITERAL_CONVERSION = YES;
				CLANG_WARN_OBJC_ROOT_CLASS = YES_ERROR;
				CLANG_WARN_RANGE_LOOP_ANALYSIS = YES;
				CLANG_WARN_STRICT_PROTOTYPES = YES;
				CLANG_WARN_SUSPICIOUS_MOVE = YES;
				CLANG_WARN_UNGUARDED_AVAILABILITY = YES_AGGRESSIVE;
				CLANG_WARN_UNREACHABLE_CODE = YES;
				CLANG_WARN__DUPLICATE_METHOD_MATCH = YES;
				COPY_PHASE_STRIP = NO;
				DEBUG_INFORMATION_FORMAT = dwarf;
				ENABLE_STRICT_OBJC_MSGSEND = YES;
				ENABLE_TESTABILITY = YES;
				GCC_C_LANGUAGE_STANDARD = gnu11;
				GCC_DYNAMIC_NO_PIC = NO;
				GCC_NO_COMMON_BLOCKS = YES;
				GCC_OPTIMIZATION_LEVEL = 0;
				GCC_PREPROCESSOR_DEFINITIONS = (
					"DEBUG=1",
					"$(inherited)",
				);
				GCC_WARN_64_TO_32_BIT_CONVERSION = YES;
				GCC_WARN_ABOUT_RETURN_TYPE = YES_ERROR;
				GCC_WARN_UNDECLARED_SELECTOR = YES;
				GCC_WARN_UNINITIALIZED_AUTOS = YES_AGGRESSIVE;
				GCC_WARN_UNUSED_FUNCTION = YES;
				GCC_WARN_UNUSED_VARIABLE = YES;
				IPHONEOS_DEPLOYMENT_TARGET = 13.2;
				MTL_ENABLE_DEBUG_INFO = INCLUDE_SOURCE;
				MTL_FAST_MATH = YES;
				ONLY_ACTIVE_ARCH = YES;
				SDKROOT = iphoneos;
				SWIFT_ACTIVE_COMPILATION_CONDITIONS = DEBUG;
				SWIFT_OPTIMIZATION_LEVEL = "-Onone";
			};
			name = Debug;
		};
		6F0D3140240F245100F5E005 /* Release */ = {
			isa = XCBuildConfiguration;
			buildSettings = {
				ALWAYS_SEARCH_USER_PATHS = NO;
				CLANG_ANALYZER_NONNULL = YES;
				CLANG_ANALYZER_NUMBER_OBJECT_CONVERSION = YES_AGGRESSIVE;
				CLANG_CXX_LANGUAGE_STANDARD = "gnu++14";
				CLANG_CXX_LIBRARY = "libc++";
				CLANG_ENABLE_MODULES = YES;
				CLANG_ENABLE_OBJC_ARC = YES;
				CLANG_ENABLE_OBJC_WEAK = YES;
				CLANG_WARN_BLOCK_CAPTURE_AUTORELEASING = YES;
				CLANG_WARN_BOOL_CONVERSION = YES;
				CLANG_WARN_COMMA = YES;
				CLANG_WARN_CONSTANT_CONVERSION = YES;
				CLANG_WARN_DEPRECATED_OBJC_IMPLEMENTATIONS = YES;
				CLANG_WARN_DIRECT_OBJC_ISA_USAGE = YES_ERROR;
				CLANG_WARN_DOCUMENTATION_COMMENTS = YES;
				CLANG_WARN_EMPTY_BODY = YES;
				CLANG_WARN_ENUM_CONVERSION = YES;
				CLANG_WARN_INFINITE_RECURSION = YES;
				CLANG_WARN_INT_CONVERSION = YES;
				CLANG_WARN_NON_LITERAL_NULL_CONVERSION = YES;
				CLANG_WARN_OBJC_IMPLICIT_RETAIN_SELF = YES;
				CLANG_WARN_OBJC_LITERAL_CONVERSION = YES;
				CLANG_WARN_OBJC_ROOT_CLASS = YES_ERROR;
				CLANG_WARN_RANGE_LOOP_ANALYSIS = YES;
				CLANG_WARN_STRICT_PROTOTYPES = YES;
				CLANG_WARN_SUSPICIOUS_MOVE = YES;
				CLANG_WARN_UNGUARDED_AVAILABILITY = YES_AGGRESSIVE;
				CLANG_WARN_UNREACHABLE_CODE = YES;
				CLANG_WARN__DUPLICATE_METHOD_MATCH = YES;
				COPY_PHASE_STRIP = NO;
				DEBUG_INFORMATION_FORMAT = "dwarf-with-dsym";
				ENABLE_NS_ASSERTIONS = NO;
				ENABLE_STRICT_OBJC_MSGSEND = YES;
				GCC_C_LANGUAGE_STANDARD = gnu11;
				GCC_NO_COMMON_BLOCKS = YES;
				GCC_WARN_64_TO_32_BIT_CONVERSION = YES;
				GCC_WARN_ABOUT_RETURN_TYPE = YES_ERROR;
				GCC_WARN_UNDECLARED_SELECTOR = YES;
				GCC_WARN_UNINITIALIZED_AUTOS = YES_AGGRESSIVE;
				GCC_WARN_UNUSED_FUNCTION = YES;
				GCC_WARN_UNUSED_VARIABLE = YES;
				IPHONEOS_DEPLOYMENT_TARGET = 13.2;
				MTL_ENABLE_DEBUG_INFO = NO;
				MTL_FAST_MATH = YES;
				SDKROOT = iphoneos;
				SWIFT_COMPILATION_MODE = wholemodule;
				SWIFT_OPTIMIZATION_LEVEL = "-O";
				VALIDATE_PRODUCT = YES;
			};
			name = Release;
		};
		6F0D3142240F245100F5E005 /* Debug */ = {
			isa = XCBuildConfiguration;
			buildSettings = {
				ASSETCATALOG_COMPILER_APPICON_NAME = AppIcon;
				CODE_SIGN_STYLE = Automatic;
				DEVELOPMENT_TEAM = FP69TPZJZ4;
				INFOPLIST_FILE = DailyLog/Info.plist;
				LD_RUNPATH_SEARCH_PATHS = (
					"$(inherited)",
					"@executable_path/Frameworks",
				);
				PRODUCT_BUNDLE_IDENTIFIER = PuvvadaHarsha.DailyLog;
				PRODUCT_NAME = "$(TARGET_NAME)";
				SWIFT_VERSION = 5.0;
				TARGETED_DEVICE_FAMILY = 1;
			};
			name = Debug;
		};
		6F0D3143240F245100F5E005 /* Release */ = {
			isa = XCBuildConfiguration;
			buildSettings = {
				ASSETCATALOG_COMPILER_APPICON_NAME = AppIcon;
				CODE_SIGN_STYLE = Automatic;
				DEVELOPMENT_TEAM = FP69TPZJZ4;
				INFOPLIST_FILE = DailyLog/Info.plist;
				LD_RUNPATH_SEARCH_PATHS = (
					"$(inherited)",
					"@executable_path/Frameworks",
				);
				PRODUCT_BUNDLE_IDENTIFIER = PuvvadaHarsha.DailyLog;
				PRODUCT_NAME = "$(TARGET_NAME)";
				SWIFT_VERSION = 5.0;
				TARGETED_DEVICE_FAMILY = 1;
			};
			name = Release;
		};
/* End XCBuildConfiguration section */

/* Begin XCConfigurationList section */
		6F0D3128240F245000F5E005 /* Build configuration list for PBXProject "DailyLog" */ = {
			isa = XCConfigurationList;
			buildConfigurations = (
				6F0D313F240F245100F5E005 /* Debug */,
				6F0D3140240F245100F5E005 /* Release */,
			);
			defaultConfigurationIsVisible = 0;
			defaultConfigurationName = Release;
		};
		6F0D3141240F245100F5E005 /* Build configuration list for PBXNativeTarget "DailyLog" */ = {
			isa = XCConfigurationList;
			buildConfigurations = (
				6F0D3142240F245100F5E005 /* Debug */,
				6F0D3143240F245100F5E005 /* Release */,
			);
			defaultConfigurationIsVisible = 0;
			defaultConfigurationName = Release;
		};
/* End XCConfigurationList section */
	};
	rootObject = 6F0D3125240F245000F5E005 /* Project object */;
}
